
Microsoft Visual Studio Solution File, Format Version 12.00
# Visual Studio 15
VisualStudioVersion = 15.0.27428.2002
MinimumVisualStudioVersion = 10.0.40219.1
Project("{FAE04EC0-301F-11D3-BF4B-00C04F79EFBC}") = "Auth1.Android", "Auth1\Auth1.Android\Auth1.Android.csproj", "{5926A3F4-AF0D-4143-87E7-A704E3002B4E}"
EndProject
Project("{FAE04EC0-301F-11D3-BF4B-00C04F79EFBC}") = "Auth1.UWP", "Auth1\Auth1.UWP\Auth1.UWP.csproj", "{2931EE5E-4339-4282-9C41-F44B277BFA04}"
EndProject
Project("{FAE04EC0-301F-11D3-BF4B-00C04F79EFBC}") = "Auth1", "Auth1\Auth1\Auth1.csproj", "{98688800-0A71-4032-B0FE-89DFBA8EC4E5}"
EndProject
Global
	GlobalSection(SolutionConfigurationPlatforms) = preSolution
		Debug|Any CPU = Debug|Any CPU
		Debug|ARM = Debug|ARM
		Debug|x64 = Debug|x64
		Debug|x86 = Debug|x86
		Release|Any CPU = Release|Any CPU
		Release|ARM = Release|ARM
		Release|x64 = Release|x64
		Release|x86 = Release|x86
	EndGlobalSection
	GlobalSection(ProjectConfigurationPlatforms) = postSolution
		{5926A3F4-AF0D-4143-87E7-A704E3002B4E}.Debug|Any CPU.ActiveCfg = Debug|Any CPU
		{5926A3F4-AF0D-4143-87E7-A704E3002B4E}.Debug|Any CPU.Build.0 = Debug|Any CPU
		{5926A3F4-AF0D-4143-87E7-A704E3002B4E}.Debug|Any CPU.Deploy.0 = Debug|Any CPU
		{5926A3F4-AF0D-4143-87E7-A704E3002B4E}.Debug|ARM.ActiveCfg = Debug|Any CPU
		{5926A3F4-AF0D-4143-87E7-A704E3002B4E}.Debug|ARM.Build.0 = Debug|Any CPU
		{5926A3F4-AF0D-4143-87E7-A704E3002B4E}.Debug|ARM.Deploy.0 = Debug|Any CPU
		{5926A3F4-AF0D-4143-87E7-A704E3002B4E}.Debug|x64.ActiveCfg = Debug|Any CPU
		{5926A3F4-AF0D-4143-87E7-A704E3002B4E}.Debug|x64.Build.0 = Debug|Any CPU
		{5926A3F4-AF0D-4143-87E7-A704E3002B4E}.Debug|x64.Deploy.0 = Debug|Any CPU
		{5926A3F4-AF0D-4143-87E7-A704E3002B4E}.Debug|x86.ActiveCfg = Debug|Any CPU
		{5926A3F4-AF0D-4143-87E7-A704E3002B4E}.Debug|x86.Build.0 = Debug|Any CPU
		{5926A3F4-AF0D-4143-87E7-A704E3002B4E}.Debug|x86.Deploy.0 = Debug|Any CPU
		{5926A3F4-AF0D-4143-87E7-A704E3002B4E}.Release|Any CPU.ActiveCfg = Release|Any CPU
		{5926A3F4-AF0D-4143-87E7-A704E3002B4E}.Release|Any CPU.Build.0 = Release|Any CPU
		{5926A3F4-AF0D-4143-87E7-A704E3002B4E}.Release|Any CPU.Deploy.0 = Release|Any CPU
		{5926A3F4-AF0D-4143-87E7-A704E3002B4E}.Release|ARM.ActiveCfg = Release|Any CPU
		{5926A3F4-AF0D-4143-87E7-A704E3002B4E}.Release|ARM.Build.0 = Release|Any CPU
		{5926A3F4-AF0D-4143-87E7-A704E3002B4E}.Release|ARM.Deploy.0 = Release|Any CPU
		{5926A3F4-AF0D-4143-87E7-A704E3002B4E}.Release|x64.ActiveCfg = Release|Any CPU
		{5926A3F4-AF0D-4143-87E7-A704E3002B4E}.Release|x64.Build.0 = Release|Any CPU
		{5926A3F4-AF0D-4143-87E7-A704E3002B4E}.Release|x64.Deploy.0 = Release|Any CPU
		{5926A3F4-AF0D-4143-87E7-A704E3002B4E}.Release|x86.ActiveCfg = Release|Any CPU
		{5926A3F4-AF0D-4143-87E7-A704E3002B4E}.Release|x86.Build.0 = Release|Any CPU
		{5926A3F4-AF0D-4143-87E7-A704E3002B4E}.Release|x86.Deploy.0 = Release|Any CPU
		{2931EE5E-4339-4282-9C41-F44B277BFA04}.Debug|Any CPU.ActiveCfg = Debug|x86
		{2931EE5E-4339-4282-9C41-F44B277BFA04}.Debug|ARM.ActiveCfg = Debug|ARM
		{2931EE5E-4339-4282-9C41-F44B277BFA04}.Debug|ARM.Build.0 = Debug|ARM
		{2931EE5E-4339-4282-9C41-F44B277BFA04}.Debug|ARM.Deploy.0 = Debug|ARM
		{2931EE5E-4339-4282-9C41-F44B277BFA04}.Debug|x64.ActiveCfg = Debug|x64
		{2931EE5E-4339-4282-9C41-F44B277BFA04}.Debug|x64.Build.0 = Debug|x64
		{2931EE5E-4339-4282-9C41-F44B277BFA04}.Debug|x64.Deploy.0 = Debug|x64
		{2931EE5E-4339-4282-9C41-F44B277BFA04}.Debug|x86.ActiveCfg = Debug|x86
		{2931EE5E-4339-4282-9C41-F44B277BFA04}.Debug|x86.Build.0 = Debug|x86
		{2931EE5E-4339-4282-9C41-F44B277BFA04}.Debug|x86.Deploy.0 = Debug|x86
		{2931EE5E-4339-4282-9C41-F44B277BFA04}.Release|Any CPU.ActiveCfg = Release|x86
		{2931EE5E-4339-4282-9C41-F44B277BFA04}.Release|ARM.ActiveCfg = Release|ARM
		{2931EE5E-4339-4282-9C41-F44B277BFA04}.Release|ARM.Build.0 = Release|ARM
		{2931EE5E-4339-4282-9C41-F44B277BFA04}.Release|ARM.Deploy.0 = Release|ARM
		{2931EE5E-4339-4282-9C41-F44B277BFA04}.Release|x64.ActiveCfg = Release|x64
		{2931EE5E-4339-4282-9C41-F44B277BFA04}.Release|x64.Build.0 = Release|x64
		{2931EE5E-4339-4282-9C41-F44B277BFA04}.Release|x64.Deploy.0 = Release|x64
		{2931EE5E-4339-4282-9C41-F44B277BFA04}.Release|x86.ActiveCfg = Release|x86
		{2931EE5E-4339-4282-9C41-F44B277BFA04}.Release|x86.Build.0 = Release|x86
		{2931EE5E-4339-4282-9C41-F44B277BFA04}.Release|x86.Deploy.0 = Release|x86
		{98688800-0A71-4032-B0FE-89DFBA8EC4E5}.Debug|Any CPU.ActiveCfg = Debug|Any CPU
		{98688800-0A71-4032-B0FE-89DFBA8EC4E5}.Debug|Any CPU.Build.0 = Debug|Any CPU
		{98688800-0A71-4032-B0FE-89DFBA8EC4E5}.Debug|ARM.ActiveCfg = Debug|Any CPU
		{98688800-0A71-4032-B0FE-89DFBA8EC4E5}.Debug|ARM.Build.0 = Debug|Any CPU
		{98688800-0A71-4032-B0FE-89DFBA8EC4E5}.Debug|x64.ActiveCfg = Debug|Any CPU
		{98688800-0A71-4032-B0FE-89DFBA8EC4E5}.Debug|x64.Build.0 = Debug|Any CPU
		{98688800-0A71-4032-B0FE-89DFBA8EC4E5}.Debug|x86.ActiveCfg = Debug|Any CPU
		{98688800-0A71-4032-B0FE-89DFBA8EC4E5}.Debug|x86.Build.0 = Debug|Any CPU
		{98688800-0A71-4032-B0FE-89DFBA8EC4E5}.Release|Any CPU.ActiveCfg = Release|Any CPU
		{98688800-0A71-4032-B0FE-89DFBA8EC4E5}.Release|Any CPU.Build.0 = Release|Any CPU
		{98688800-0A71-4032-B0FE-89DFBA8EC4E5}.Release|ARM.ActiveCfg = Release|Any CPU
		{98688800-0A71-4032-B0FE-89DFBA8EC4E5}.Release|ARM.Build.0 = Release|Any CPU
		{98688800-0A71-4032-B0FE-89DFBA8EC4E5}.Release|x64.ActiveCfg = Release|Any CPU
		{98688800-0A71-4032-B0FE-89DFBA8EC4E5}.Release|x64.Build.0 = Release|Any CPU
		{98688800-0A71-4032-B0FE-89DFBA8EC4E5}.Release|x86.ActiveCfg = Release|Any CPU
		{98688800-0A71-4032-B0FE-89DFBA8EC4E5}.Release|x86.Build.0 = Release|Any CPU
	EndGlobalSection
	GlobalSection(SolutionProperties) = preSolution
		HideSolutionNode = FALSE
	EndGlobalSection
	GlobalSection(ExtensibilityGlobals) = postSolution
		SolutionGuid = {5AFE8556-3901-4CFC-A04C-3A5BA6221AAF}
	EndGlobalSection
EndGlobal
